
Microsoft Visual Studio Solution File, Format Version 12.00
# Visual Studio Version 17
VisualStudioVersion = 17.9.34728.123
MinimumVisualStudioVersion = 10.0.40219.1
Project("{FAE04EC0-301F-11D3-BF4B-00C04F79EFBC}") = "SLAssginBatch", "SLAssginBatch\SLAssginBatch.csproj", "{A5167386-DC21-4D43-B630-D36A178A43BA}"
EndProject
Global
	GlobalSection(SolutionConfigurationPlatforms) = preSolution
		Debug|Any CPU = Debug|Any CPU
		Release|Any CPU = Release|Any CPU
	EndGlobalSection
	GlobalSection(ProjectConfigurationPlatforms) = postSolution
		{A5167386-DC21-4D43-B630-D36A178A43BA}.Debug|Any CPU.ActiveCfg = Debug|Any CPU
		{A5167386-DC21-4D43-B630-D36A178A43BA}.Debug|Any CPU.Build.0 = Debug|Any CPU
		{A5167386-DC21-4D43-B630-D36A178A43BA}.Release|Any CPU.ActiveCfg = Release|Any CPU
		{A5167386-DC21-4D43-B630-D36A178A43BA}.Release|Any CPU.Build.0 = Release|Any CPU
	EndGlobalSection
	GlobalSection(SolutionProperties) = preSolution
		HideSolutionNode = FALSE
	EndGlobalSection
	GlobalSection(ExtensibilityGlobals) = postSolution
		SolutionGuid = {FC4D1F15-6AE6-494A-A6C9-88B56C29EFC0}
	EndGlobalSection
EndGlobal
